
Microsoft Visual Studio Solution File, Format Version 12.00
# Visual Studio 2013
VisualStudioVersion = 12.0.31101.0
MinimumVisualStudioVersion = 10.0.40219.1
Project("{FAE04EC0-301F-11D3-BF4B-00C04F79EFBC}") = "AngularMinidemo", "AngularMinidemo\AngularMinidemo.csproj", "{FF3FB5D7-98C9-4CC2-A84D-3FA860CC0FE3}"
EndProject
Project("{2150E333-8FDC-42A3-9474-1A3956D46DE8}") = "Solution Items", "Solution Items", "{9A746609-FC43-42B8-B532-524B47171607}"
	ProjectSection(SolutionItems) = preProject
		demo.docx = demo.docx
		OData.pptx = OData.pptx
	EndProjectSection
EndProject
Project("{2150E333-8FDC-42A3-9474-1A3956D46DE8}") = "Snippets", "Snippets", "{424AE5D5-2AAA-4BD8-B076-9477C4012C28}"
	ProjectSection(SolutionItems) = preProject
		Snippets\odata-12.snippet = Snippets\odata-12.snippet
		Snippets\odata-13.snippet = Snippets\odata-13.snippet
		Snippets\odata-14.snippet = Snippets\odata-14.snippet
		Snippets\odata-15.snippet = Snippets\odata-15.snippet
		Snippets\odata-16.snippet = Snippets\odata-16.snippet
		Snippets\odata-18.snippet = Snippets\odata-18.snippet
		Snippets\odata-3.snippet = Snippets\odata-3.snippet
		Snippets\odata-4.snippet = Snippets\odata-4.snippet
		Snippets\odata-5.snippet = Snippets\odata-5.snippet
		Snippets\odata-6.snippet = Snippets\odata-6.snippet
		Snippets\odata-7.snippet = Snippets\odata-7.snippet
		Snippets\odata-8.snippet = Snippets\odata-8.snippet
		Snippets\odata-9.snippet = Snippets\odata-9.snippet
	EndProjectSection
EndProject
Global
	GlobalSection(SolutionConfigurationPlatforms) = preSolution
		Debug|Any CPU = Debug|Any CPU
		Release|Any CPU = Release|Any CPU
	EndGlobalSection
	GlobalSection(ProjectConfigurationPlatforms) = postSolution
		{FF3FB5D7-98C9-4CC2-A84D-3FA860CC0FE3}.Debug|Any CPU.ActiveCfg = Debug|Any CPU
		{FF3FB5D7-98C9-4CC2-A84D-3FA860CC0FE3}.Debug|Any CPU.Build.0 = Debug|Any CPU
		{FF3FB5D7-98C9-4CC2-A84D-3FA860CC0FE3}.Release|Any CPU.ActiveCfg = Release|Any CPU
		{FF3FB5D7-98C9-4CC2-A84D-3FA860CC0FE3}.Release|Any CPU.Build.0 = Release|Any CPU
	EndGlobalSection
	GlobalSection(SolutionProperties) = preSolution
		HideSolutionNode = FALSE
	EndGlobalSection
	GlobalSection(NestedProjects) = preSolution
		{424AE5D5-2AAA-4BD8-B076-9477C4012C28} = {9A746609-FC43-42B8-B532-524B47171607}
	EndGlobalSection
EndGlobal
